
Microsoft Visual Studio Solution File, Format Version 12.00
# Visual Studio Version 16
VisualStudioVersion = 16.0.31321.278
MinimumVisualStudioVersion = 10.0.40219.1
Project("{9A19103F-16F7-4668-BE54-9A1E7A4F7556}") = "Aprendendo CSharp Exercicios", "Aprendendo CSharp Exercicios.csproj", "{02DB0F74-A644-422E-AA25-AF5262ACEDCE}"
EndProject
Global
	GlobalSection(SolutionConfigurationPlatforms) = preSolution
		Debug|Any CPU = Debug|Any CPU
		Release|Any CPU = Release|Any CPU
	EndGlobalSection
	GlobalSection(ProjectConfigurationPlatforms) = postSolution
		{02DB0F74-A644-422E-AA25-AF5262ACEDCE}.Debug|Any CPU.ActiveCfg = Debug|Any CPU
		{02DB0F74-A644-422E-AA25-AF5262ACEDCE}.Debug|Any CPU.Build.0 = Debug|Any CPU
		{02DB0F74-A644-422E-AA25-AF5262ACEDCE}.Release|Any CPU.ActiveCfg = Release|Any CPU
		{02DB0F74-A644-422E-AA25-AF5262ACEDCE}.Release|Any CPU.Build.0 = Release|Any CPU
	EndGlobalSection
	GlobalSection(SolutionProperties) = preSolution
		HideSolutionNode = FALSE
	EndGlobalSection
	GlobalSection(ExtensibilityGlobals) = postSolution
		SolutionGuid = {8333AC1E-3BB0-4E82-9584-D429AE1D3EF4}
	EndGlobalSection
EndGlobal
